// !$*UTF8*$!
{
	archiveVersion = 1;
	classes = {
	};
	objectVersion = 77;
	objects = {

/* Begin PBXContainerItemProxy section */
		C5DA68BE2CE5CDD100A62BF6 /* PBXContainerItemProxy */ = {
			isa = PBXContainerItemProxy;
			containerPortal = C5DA68A32CE5CDCF00A62BF6 /* Project object */;
			proxyType = 1;
			remoteGlobalIDString = C5DA68AA2CE5CDCF00A62BF6;
			remoteInfo = ManageTask;
		};
		C5DA68C82CE5CDD100A62BF6 /* PBXContainerItemProxy */ = {
			isa = PBXContainerItemProxy;
			containerPortal = C5DA68A32CE5CDCF00A62BF6 /* Project object */;
			proxyType = 1;
			remoteGlobalIDString = C5DA68AA2CE5CDCF00A62BF6;
			remoteInfo = ManageTask;
		};
/* End PBXContainerItemProxy section */

/* Begin PBXFileReference section */
		C5DA68AB2CE5CDCF00A62BF6 /* ManageTask.app */ = {isa = PBXFileReference; explicitFileType = wrapper.application; includeInIndex = 0; path = ManageTask.app; sourceTree = BUILT_PRODUCTS_DIR; };
		C5DA68BD2CE5CDD100A62BF6 /* ManageTaskTests.xctest */ = {isa = PBXFileReference; explicitFileType = wrapper.cfbundle; includeInIndex = 0; path = ManageTaskTests.xctest; sourceTree = BUILT_PRODUCTS_DIR; };
		C5DA68C72CE5CDD100A62BF6 /* ManageTaskUITests.xctest */ = {isa = PBXFileReference; explicitFileType = wrapper.cfbundle; includeInIndex = 0; path = ManageTaskUITests.xctest; sourceTree = BUILT_PRODUCTS_DIR; };
/* End PBXFileReference section */

/* Begin PBXFileSystemSynchronizedRootGroup section */
		C5DA68AD2CE5CDCF00A62BF6 /* ManageTask */ = {
			isa = PBXFileSystemSynchronizedRootGroup;
			path = ManageTask;
			sourceTree = "<group>";
		};
		C5DA68C02CE5CDD100A62BF6 /* ManageTaskTests */ = {
			isa = PBXFileSystemSynchronizedRootGroup;
			path = ManageTaskTests;
			sourceTree = "<group>";
		};
		C5DA68CA2CE5CDD100A62BF6 /* ManageTaskUITests */ = {
			isa = PBXFileSystemSynchronizedRootGroup;
			path = ManageTaskUITests;
			sourceTree = "<group>";
		};
/* End PBXFileSystemSynchronizedRootGroup section */

/* Begin PBXFrameworksBuildPhase section */
		C5DA68A82CE5CDCF00A62BF6 /* Frameworks */ = {
			isa = PBXFrameworksBuildPhase;
			buildActionMask = 2147483647;
			files = (
			);
			runOnlyForDeploymentPostprocessing = 0;
		};
		C5DA68BA2CE5CDD100A62BF6 /* Frameworks */ = {
			isa = PBXFrameworksBuildPhase;
			buildActionMask = 2147483647;
			files = (
			);
			runOnlyForDeploymentPostprocessing = 0;
		};
		C5DA68C42CE5CDD100A62BF6 /* Frameworks */ = {
			isa = PBXFrameworksBuildPhase;
			buildActionMask = 2147483647;
			files = (
			);
			runOnlyForDeploymentPostprocessing = 0;
		};
/* End PBXFrameworksBuildPhase section */

/* Begin PBXGroup section */
		C5DA68A22CE5CDCF00A62BF6 = {
			isa = PBXGroup;
			children = (
				C5DA68AD2CE5CDCF00A62BF6 /* ManageTask */,
				C5DA68C02CE5CDD100A62BF6 /* ManageTaskTests */,
				C5DA68CA2CE5CDD100A62BF6 /* ManageTaskUITests */,
				C5DA68AC2CE5CDCF00A62BF6 /* Products */,
			);
			sourceTree = "<group>";
		};
		C5DA68AC2CE5CDCF00A62BF6 /* Products */ = {
			isa = PBXGroup;
			children = (
				C5DA68AB2CE5CDCF00A62BF6 /* ManageTask.app */,
				C5DA68BD2CE5CDD100A62BF6 /* ManageTaskTests.xctest */,
				C5DA68C72CE5CDD100A62BF6 /* ManageTaskUITests.xctest */,
			);
			name = Products;
			sourceTree = "<group>";
		};
/* End PBXGroup section */

/* Begin PBXNativeTarget section */
		C5DA68AA2CE5CDCF00A62BF6 /* ManageTask */ = {
			isa = PBXNativeTarget;
			buildConfigurationList = C5DA68D12CE5CDD100A62BF6 /* Build configuration list for PBXNativeTarget "ManageTask" */;
			buildPhases = (
				C5DA68A72CE5CDCF00A62BF6 /* Sources */,
				C5DA68A82CE5CDCF00A62BF6 /* Frameworks */,
				C5DA68A92CE5CDCF00A62BF6 /* Resources */,
			);
			buildRules = (
			);
			dependencies = (
			);
			fileSystemSynchronizedGroups = (
				C5DA68AD2CE5CDCF00A62BF6 /* ManageTask */,
			);
			name = ManageTask;
			packageProductDependencies = (
			);
			productName = ManageTask;
			productReference = C5DA68AB2CE5CDCF00A62BF6 /* ManageTask.app */;
			productType = "com.apple.product-type.application";
		};
		C5DA68BC2CE5CDD100A62BF6 /* ManageTaskTests */ = {
			isa = PBXNativeTarget;
			buildConfigurationList = C5DA68D42CE5CDD100A62BF6 /* Build configuration list for PBXNativeTarget "ManageTaskTests" */;
			buildPhases = (
				C5DA68B92CE5CDD100A62BF6 /* Sources */,
				C5DA68BA2CE5CDD100A62BF6 /* Frameworks */,
				C5DA68BB2CE5CDD100A62BF6 /* Resources */,
			);
			buildRules = (
			);
			dependencies = (
				C5DA68BF2CE5CDD100A62BF6 /* PBXTargetDependency */,
			);
			fileSystemSynchronizedGroups = (
				C5DA68C02CE5CDD100A62BF6 /* ManageTaskTests */,
			);
			name = ManageTaskTests;
			packageProductDependencies = (
			);
			productName = ManageTaskTests;
			productReference = C5DA68BD2CE5CDD100A62BF6 /* ManageTaskTests.xctest */;
			productType = "com.apple.product-type.bundle.unit-test";
		};
		C5DA68C62CE5CDD100A62BF6 /* ManageTaskUITests */ = {
			isa = PBXNativeTarget;
			buildConfigurationList = C5DA68D72CE5CDD100A62BF6 /* Build configuration list for PBXNativeTarget "ManageTaskUITests" */;
			buildPhases = (
				C5DA68C32CE5CDD100A62BF6 /* Sources */,
				C5DA68C42CE5CDD100A62BF6 /* Frameworks */,
				C5DA68C52CE5CDD100A62BF6 /* Resources */,
			);
			buildRules = (
			);
			dependencies = (
				C5DA68C92CE5CDD100A62BF6 /* PBXTargetDependency */,
			);
			fileSystemSynchronizedGroups = (
				C5DA68CA2CE5CDD100A62BF6 /* ManageTaskUITests */,
			);
			name = ManageTaskUITests;
			packageProductDependencies = (
			);
			productName = ManageTaskUITests;
			productReference = C5DA68C72CE5CDD100A62BF6 /* ManageTaskUITests.xctest */;
			productType = "com.apple.product-type.bundle.ui-testing";
		};
/* End PBXNativeTarget section */

/* Begin PBXProject section */
		C5DA68A32CE5CDCF00A62BF6 /* Project object */ = {
			isa = PBXProject;
			attributes = {
				BuildIndependentTargetsInParallel = 1;
				LastSwiftUpdateCheck = 1600;
				LastUpgradeCheck = 1600;
				TargetAttributes = {
					C5DA68AA2CE5CDCF00A62BF6 = {
						CreatedOnToolsVersion = 16.0;
					};
					C5DA68BC2CE5CDD100A62BF6 = {
						CreatedOnToolsVersion = 16.0;
						TestTargetID = C5DA68AA2CE5CDCF00A62BF6;
					};
					C5DA68C62CE5CDD100A62BF6 = {
						CreatedOnToolsVersion = 16.0;
						TestTargetID = C5DA68AA2CE5CDCF00A62BF6;
					};
				};
			};
			buildConfigurationList = C5DA68A62CE5CDCF00A62BF6 /* Build configuration list for PBXProject "ManageTask" */;
			developmentRegion = en;
			hasScannedForEncodings = 0;
			knownRegions = (
				en,
				Base,
			);
			mainGroup = C5DA68A22CE5CDCF00A62BF6;
			minimizedProjectReferenceProxies = 1;
			preferredProjectObjectVersion = 77;
			productRefGroup = C5DA68AC2CE5CDCF00A62BF6 /* Products */;
			projectDirPath = "";
			projectRoot = "";
			targets = (
				C5DA68AA2CE5CDCF00A62BF6 /* ManageTask */,
				C5DA68BC2CE5CDD100A62BF6 /* ManageTaskTests */,
				C5DA68C62CE5CDD100A62BF6 /* ManageTaskUITests */,
			);
		};
/* End PBXProject section */

/* Begin PBXResourcesBuildPhase section */
		C5DA68A92CE5CDCF00A62BF6 /* Resources */ = {
			isa = PBXResourcesBuildPhase;
			buildActionMask = 2147483647;
			files = (
			);
			runOnlyForDeploymentPostprocessing = 0;
		};
		C5DA68BB2CE5CDD100A62BF6 /* Resources */ = {
			isa = PBXResourcesBuildPhase;
			buildActionMask = 2147483647;
			files = (
			);
			runOnlyForDeploymentPostprocessing = 0;
		};
		C5DA68C52CE5CDD100A62BF6 /* Resources */ = {
			isa = PBXResourcesBuildPhase;
			buildActionMask = 2147483647;
			files = (
			);
			runOnlyForDeploymentPostprocessing = 0;
		};
/* End PBXResourcesBuildPhase section */

/* Begin PBXSourcesBuildPhase section */
		C5DA68A72CE5CDCF00A62BF6 /* Sources */ = {
			isa = PBXSourcesBuildPhase;
			buildActionMask = 2147483647;
			files = (
			);
			runOnlyForDeploymentPostprocessing = 0;
		};
		C5DA68B92CE5CDD100A62BF6 /* Sources */ = {
			isa = PBXSourcesBuildPhase;
			buildActionMask = 2147483647;
			files = (
			);
			runOnlyForDeploymentPostprocessing = 0;
		};
		C5DA68C32CE5CDD100A62BF6 /* Sources */ = {
			isa = PBXSourcesBuildPhase;
			buildActionMask = 2147483647;
			files = (
			);
			runOnlyForDeploymentPostprocessing = 0;
		};
/* End PBXSourcesBuildPhase section */

/* Begin PBXTargetDependency section */
		C5DA68BF2CE5CDD100A62BF6 /* PBXTargetDependency */ = {
			isa = PBXTargetDependency;
			target = C5DA68AA2CE5CDCF00A62BF6 /* ManageTask */;
			targetProxy = C5DA68BE2CE5CDD100A62BF6 /* PBXContainerItemProxy */;
		};
		C5DA68C92CE5CDD100A62BF6 /* PBXTargetDependency */ = {
			isa = PBXTargetDependency;
			target = C5DA68AA2CE5CDCF00A62BF6 /* ManageTask */;
			targetProxy = C5DA68C82CE5CDD100A62BF6 /* PBXContainerItemProxy */;
		};
/* End PBXTargetDependency section */

/* Begin XCBuildConfiguration section */
		C5DA68CF2CE5CDD100A62BF6 /* Debug */ = {
			isa = XCBuildConfiguration;
			buildSettings = {
				ALWAYS_SEARCH_USER_PATHS = NO;
				ASSETCATALOG_COMPILER_GENERATE_SWIFT_ASSET_SYMBOL_EXTENSIONS = YES;
				CLANG_ANALYZER_NONNULL = YES;
				CLANG_ANALYZER_NUMBER_OBJECT_CONVERSION = YES_AGGRESSIVE;
				CLANG_CXX_LANGUAGE_STANDARD = "gnu++20";
				CLANG_ENABLE_MODULES = YES;
				CLANG_ENABLE_OBJC_ARC = YES;
				CLANG_ENABLE_OBJC_WEAK = YES;
				CLANG_WARN_BLOCK_CAPTURE_AUTORELEASING = YES;
				CLANG_WARN_BOOL_CONVERSION = YES;
				CLANG_WARN_COMMA = YES;
				CLANG_WARN_CONSTANT_CONVERSION = YES;
				CLANG_WARN_DEPRECATED_OBJC_IMPLEMENTATIONS = YES;
				CLANG_WARN_DIRECT_OBJC_ISA_USAGE = YES_ERROR;
				CLANG_WARN_DOCUMENTATION_COMMENTS = YES;
				CLANG_WARN_EMPTY_BODY = YES;
				CLANG_WARN_ENUM_CONVERSION = YES;
				CLANG_WARN_INFINITE_RECURSION = YES;
				CLANG_WARN_INT_CONVERSION = YES;
				CLANG_WARN_NON_LITERAL_NULL_CONVERSION = YES;
				CLANG_WARN_OBJC_IMPLICIT_RETAIN_SELF = YES;
				CLANG_WARN_OBJC_LITERAL_CONVERSION = YES;
				CLANG_WARN_OBJC_ROOT_CLASS = YES_ERROR;
				CLANG_WARN_QUOTED_INCLUDE_IN_FRAMEWORK_HEADER = YES;
				CLANG_WARN_RANGE_LOOP_ANALYSIS = YES;
				CLANG_WARN_STRICT_PROTOTYPES = YES;
				CLANG_WARN_SUSPICIOUS_MOVE = YES;
				CLANG_WARN_UNGUARDED_AVAILABILITY = YES_AGGRESSIVE;
				CLANG_WARN_UNREACHABLE_CODE = YES;
				CLANG_WARN__DUPLICATE_METHOD_MATCH = YES;
				COPY_PHASE_STRIP = NO;
				DEBUG_INFORMATION_FORMAT = dwarf;
				ENABLE_STRICT_OBJC_MSGSEND = YES;
				ENABLE_TESTABILITY = YES;
				ENABLE_USER_SCRIPT_SANDBOXING = YES;
				GCC_C_LANGUAGE_STANDARD = gnu17;
				GCC_DYNAMIC_NO_PIC = NO;
				GCC_NO_COMMON_BLOCKS = YES;
				GCC_OPTIMIZATION_LEVEL = 0;
				GCC_PREPROCESSOR_DEFINITIONS = (
					"DEBUG=1",
					"$(inherited)",
				);
				GCC_WARN_64_TO_32_BIT_CONVERSION = YES;
				GCC_WARN_ABOUT_RETURN_TYPE = YES_ERROR;
				GCC_WARN_UNDECLARED_SELECTOR = YES;
				GCC_WARN_UNINITIALIZED_AUTOS = YES_AGGRESSIVE;
				GCC_WARN_UNUSED_FUNCTION = YES;
				GCC_WARN_UNUSED_VARIABLE = YES;
				IPHONEOS_DEPLOYMENT_TARGET = 18.0;
				LOCALIZATION_PREFERS_STRING_CATALOGS = YES;
				MTL_ENABLE_DEBUG_INFO = INCLUDE_SOURCE;
				MTL_FAST_MATH = YES;
				ONLY_ACTIVE_ARCH = YES;
				SDKROOT = iphoneos;
				SWIFT_ACTIVE_COMPILATION_CONDITIONS = "DEBUG $(inherited)";
				SWIFT_OPTIMIZATION_LEVEL = "-Onone";
			};
			name = Debug;
		};
		C5DA68D02CE5CDD100A62BF6 /* Release */ = {
			isa = XCBuildConfiguration;
			buildSettings = {
				ALWAYS_SEARCH_USER_PATHS = NO;
				ASSETCATALOG_COMPILER_GENERATE_SWIFT_ASSET_SYMBOL_EXTENSIONS = YES;
				CLANG_ANALYZER_NONNULL = YES;
				CLANG_ANALYZER_NUMBER_OBJECT_CONVERSION = YES_AGGRESSIVE;
				CLANG_CXX_LANGUAGE_STANDARD = "gnu++20";
				CLANG_ENABLE_MODULES = YES;
				CLANG_ENABLE_OBJC_ARC = YES;
				CLANG_ENABLE_OBJC_WEAK = YES;
				CLANG_WARN_BLOCK_CAPTURE_AUTORELEASING = YES;
				CLANG_WARN_BOOL_CONVERSION = YES;
				CLANG_WARN_COMMA = YES;
				CLANG_WARN_CONSTANT_CONVERSION = YES;
				CLANG_WARN_DEPRECATED_OBJC_IMPLEMENTATIONS = YES;
				CLANG_WARN_DIRECT_OBJC_ISA_USAGE = YES_ERROR;
				CLANG_WARN_DOCUMENTATION_COMMENTS = YES;
				CLANG_WARN_EMPTY_BODY = YES;
				CLANG_WARN_ENUM_CONVERSION = YES;
				CLANG_WARN_INFINITE_RECURSION = YES;
				CLANG_WARN_INT_CONVERSION = YES;
				CLANG_WARN_NON_LITERAL_NULL_CONVERSION = YES;
				CLANG_WARN_OBJC_IMPLICIT_RETAIN_SELF = YES;
				CLANG_WARN_OBJC_LITERAL_CONVERSION = YES;
				CLANG_WARN_OBJC_ROOT_CLASS = YES_ERROR;
				CLANG_WARN_QUOTED_INCLUDE_IN_FRAMEWORK_HEADER = YES;
				CLANG_WARN_RANGE_LOOP_ANALYSIS = YES;
				CLANG_WARN_STRICT_PROTOTYPES = YES;
				CLANG_WARN_SUSPICIOUS_MOVE = YES;
				CLANG_WARN_UNGUARDED_AVAILABILITY = YES_AGGRESSIVE;
				CLANG_WARN_UNREACHABLE_CODE = YES;
				CLANG_WARN__DUPLICATE_METHOD_MATCH = YES;
				COPY_PHASE_STRIP = NO;
				DEBUG_INFORMATION_FORMAT = "dwarf-with-dsym";
				ENABLE_NS_ASSERTIONS = NO;
				ENABLE_STRICT_OBJC_MSGSEND = YES;
				ENABLE_USER_SCRIPT_SANDBOXING = YES;
				GCC_C_LANGUAGE_STANDARD = gnu17;
				GCC_NO_COMMON_BLOCKS = YES;
				GCC_WARN_64_TO_32_BIT_CONVERSION = YES;
				GCC_WARN_ABOUT_RETURN_TYPE = YES_ERROR;
				GCC_WARN_UNDECLARED_SELECTOR = YES;
				GCC_WARN_UNINITIALIZED_AUTOS = YES_AGGRESSIVE;
				GCC_WARN_UNUSED_FUNCTION = YES;
				GCC_WARN_UNUSED_VARIABLE = YES;
				IPHONEOS_DEPLOYMENT_TARGET = 18.0;
				LOCALIZATION_PREFERS_STRING_CATALOGS = YES;
				MTL_ENABLE_DEBUG_INFO = NO;
				MTL_FAST_MATH = YES;
				SDKROOT = iphoneos;
				SWIFT_COMPILATION_MODE = wholemodule;
				VALIDATE_PRODUCT = YES;
			};
			name = Release;
		};
		C5DA68D22CE5CDD100A62BF6 /* Debug */ = {
			isa = XCBuildConfiguration;
			buildSettings = {
				ASSETCATALOG_COMPILER_APPICON_NAME = AppIcon;
				ASSETCATALOG_COMPILER_GLOBAL_ACCENT_COLOR_NAME = AccentColor;
				CODE_SIGN_STYLE = Automatic;
				CURRENT_PROJECT_VERSION = 1;
				DEVELOPMENT_ASSET_PATHS = "\"ManageTask/Preview Content\"";
				ENABLE_PREVIEWS = YES;
				GENERATE_INFOPLIST_FILE = YES;
				INFOPLIST_KEY_UIApplicationSceneManifest_Generation = YES;
				INFOPLIST_KEY_UIApplicationSupportsIndirectInputEvents = YES;
				INFOPLIST_KEY_UILaunchScreen_Generation = YES;
				INFOPLIST_KEY_UISupportedInterfaceOrientations_iPad = "UIInterfaceOrientationPortrait UIInterfaceOrientationPortraitUpsideDown UIInterfaceOrientationLandscapeLeft UIInterfaceOrientationLandscapeRight";
				INFOPLIST_KEY_UISupportedInterfaceOrientations_iPhone = "UIInterfaceOrientationPortrait UIInterfaceOrientationLandscapeLeft UIInterfaceOrientationLandscapeRight";
				LD_RUNPATH_SEARCH_PATHS = (
					"$(inherited)",
					"@executable_path/Frameworks",
				);
				MARKETING_VERSION = 1.0;
				PRODUCT_BUNDLE_IDENTIFIER = com.sourav.ManageTask;
				PRODUCT_NAME = "$(TARGET_NAME)";
				SWIFT_EMIT_LOC_STRINGS = YES;
				SWIFT_VERSION = 5.0;
				TARGETED_DEVICE_FAMILY = "1,2";
			};
			name = Debug;
		};
		C5DA68D32CE5CDD100A62BF6 /* Release */ = {
			isa = XCBuildConfiguration;
			buildSettings = {
				ASSETCATALOG_COMPILER_APPICON_NAME = AppIcon;
				ASSETCATALOG_COMPILER_GLOBAL_ACCENT_COLOR_NAME = AccentColor;
				CODE_SIGN_STYLE = Automatic;
				CURRENT_PROJECT_VERSION = 1;
				DEVELOPMENT_ASSET_PATHS = "\"ManageTask/Preview Content\"";
				ENABLE_PREVIEWS = YES;
				GENERATE_INFOPLIST_FILE = YES;
				INFOPLIST_KEY_UIApplicationSceneManifest_Generation = YES;
				INFOPLIST_KEY_UIApplicationSupportsIndirectInputEvents = YES;
				INFOPLIST_KEY_UILaunchScreen_Generation = YES;
				INFOPLIST_KEY_UISupportedInterfaceOrientations_iPad = "UIInterfaceOrientationPortrait UIInterfaceOrientationPortraitUpsideDown UIInterfaceOrientationLandscapeLeft UIInterfaceOrientationLandscapeRight";
				INFOPLIST_KEY_UISupportedInterfaceOrientations_iPhone = "UIInterfaceOrientationPortrait UIInterfaceOrientationLandscapeLeft UIInterfaceOrientationLandscapeRight";
				LD_RUNPATH_SEARCH_PATHS = (
					"$(inherited)",
					"@executable_path/Frameworks",
				);
				MARKETING_VERSION = 1.0;
				PRODUCT_BUNDLE_IDENTIFIER = com.sourav.ManageTask;
				PRODUCT_NAME = "$(TARGET_NAME)";
				SWIFT_EMIT_LOC_STRINGS = YES;
				SWIFT_VERSION = 5.0;
				TARGETED_DEVICE_FAMILY = "1,2";
			};
			name = Release;
		};
		C5DA68D52CE5CDD100A62BF6 /* Debug */ = {
			isa = XCBuildConfiguration;
			buildSettings = {
				BUNDLE_LOADER = "$(TEST_HOST)";
				CODE_SIGN_STYLE = Automatic;
				CURRENT_PROJECT_VERSION = 1;
				GENERATE_INFOPLIST_FILE = YES;
				IPHONEOS_DEPLOYMENT_TARGET = 18.0;
				MARKETING_VERSION = 1.0;
				PRODUCT_BUNDLE_IDENTIFIER = com.sourav.ManageTaskTests;
				PRODUCT_NAME = "$(TARGET_NAME)";
				SWIFT_EMIT_LOC_STRINGS = NO;
				SWIFT_VERSION = 5.0;
				TARGETED_DEVICE_FAMILY = "1,2";
				TEST_HOST = "$(BUILT_PRODUCTS_DIR)/ManageTask.app/$(BUNDLE_EXECUTABLE_FOLDER_PATH)/ManageTask";
			};
			name = Debug;
		};
		C5DA68D62CE5CDD100A62BF6 /* Release */ = {
			isa = XCBuildConfiguration;
			buildSettings = {
				BUNDLE_LOADER = "$(TEST_HOST)";
				CODE_SIGN_STYLE = Automatic;
				CURRENT_PROJECT_VERSION = 1;
				GENERATE_INFOPLIST_FILE = YES;
				IPHONEOS_DEPLOYMENT_TARGET = 18.0;
				MARKETING_VERSION = 1.0;
				PRODUCT_BUNDLE_IDENTIFIER = com.sourav.ManageTaskTests;
				PRODUCT_NAME = "$(TARGET_NAME)";
				SWIFT_EMIT_LOC_STRINGS = NO;
				SWIFT_VERSION = 5.0;
				TARGETED_DEVICE_FAMILY = "1,2";
				TEST_HOST = "$(BUILT_PRODUCTS_DIR)/ManageTask.app/$(BUNDLE_EXECUTABLE_FOLDER_PATH)/ManageTask";
			};
			name = Release;
		};
		C5DA68D82CE5CDD100A62BF6 /* Debug */ = {
			isa = XCBuildConfiguration;
			buildSettings = {
				CODE_SIGN_STYLE = Automatic;
				CURRENT_PROJECT_VERSION = 1;
				GENERATE_INFOPLIST_FILE = YES;
				MARKETING_VERSION = 1.0;
				PRODUCT_BUNDLE_IDENTIFIER = com.sourav.ManageTaskUITests;
				PRODUCT_NAME = "$(TARGET_NAME)";
				SWIFT_EMIT_LOC_STRINGS = NO;
				SWIFT_VERSION = 5.0;
				TARGETED_DEVICE_FAMILY = "1,2";
				TEST_TARGET_NAME = ManageTask;
			};
			name = Debug;
		};
		C5DA68D92CE5CDD100A62BF6 /* Release */ = {
			isa = XCBuildConfiguration;
			buildSettings = {
				CODE_SIGN_STYLE = Automatic;
				CURRENT_PROJECT_VERSION = 1;
				GENERATE_INFOPLIST_FILE = YES;
				MARKETING_VERSION = 1.0;
				PRODUCT_BUNDLE_IDENTIFIER = com.sourav.ManageTaskUITests;
				PRODUCT_NAME = "$(TARGET_NAME)";
				SWIFT_EMIT_LOC_STRINGS = NO;
				SWIFT_VERSION = 5.0;
				TARGETED_DEVICE_FAMILY = "1,2";
				TEST_TARGET_NAME = ManageTask;
			};
			name = Release;
		};
/* End XCBuildConfiguration section */

/* Begin XCConfigurationList section */
		C5DA68A62CE5CDCF00A62BF6 /* Build configuration list for PBXProject "ManageTask" */ = {
			isa = XCConfigurationList;
			buildConfigurations = (
				C5DA68CF2CE5CDD100A62BF6 /* Debug */,
				C5DA68D02CE5CDD100A62BF6 /* Release */,
			);
			defaultConfigurationIsVisible = 0;
			defaultConfigurationName = Release;
		};
		C5DA68D12CE5CDD100A62BF6 /* Build configuration list for PBXNativeTarget "ManageTask" */ = {
			isa = XCConfigurationList;
			buildConfigurations = (
				C5DA68D22CE5CDD100A62BF6 /* Debug */,
				C5DA68D32CE5CDD100A62BF6 /* Release */,
			);
			defaultConfigurationIsVisible = 0;
			defaultConfigurationName = Release;
		};
		C5DA68D42CE5CDD100A62BF6 /* Build configuration list for PBXNativeTarget "ManageTaskTests" */ = {
			isa = XCConfigurationList;
			buildConfigurations = (
				C5DA68D52CE5CDD100A62BF6 /* Debug */,
				C5DA68D62CE5CDD100A62BF6 /* Release */,
			);
			defaultConfigurationIsVisible = 0;
			defaultConfigurationName = Release;
		};
		C5DA68D72CE5CDD100A62BF6 /* Build configuration list for PBXNativeTarget "ManageTaskUITests" */ = {
			isa = XCConfigurationList;
			buildConfigurations = (
				C5DA68D82CE5CDD100A62BF6 /* Debug */,
				C5DA68D92CE5CDD100A62BF6 /* Release */,
			);
			defaultConfigurationIsVisible = 0;
			defaultConfigurationName = Release;
		};
/* End XCConfigurationList section */
	};
	rootObject = C5DA68A32CE5CDCF00A62BF6 /* Project object */;
}
